
Microsoft Visual Studio Solution File, Format Version 12.00
# Visual Studio Version 17
VisualStudioVersion = 17.0.32014.148
MinimumVisualStudioVersion = 10.0.40219.1
Project("{FAE04EC0-301F-11D3-BF4B-00C04F79EFBC}") = "TravelTripProject", "TravelTripProject\TravelTripProject.csproj", "{29F8E310-CA87-4A8F-955C-A826F814EF97}"
EndProject
Global
	GlobalSection(SolutionConfigurationPlatforms) = preSolution
		Debug|Any CPU = Debug|Any CPU
		Release|Any CPU = Release|Any CPU
	EndGlobalSection
	GlobalSection(ProjectConfigurationPlatforms) = postSolution
		{29F8E310-CA87-4A8F-955C-A826F814EF97}.Debug|Any CPU.ActiveCfg = Debug|Any CPU
		{29F8E310-CA87-4A8F-955C-A826F814EF97}.Debug|Any CPU.Build.0 = Debug|Any CPU
		{29F8E310-CA87-4A8F-955C-A826F814EF97}.Release|Any CPU.ActiveCfg = Release|Any CPU
		{29F8E310-CA87-4A8F-955C-A826F814EF97}.Release|Any CPU.Build.0 = Release|Any CPU
	EndGlobalSection
	GlobalSection(SolutionProperties) = preSolution
		HideSolutionNode = FALSE
	EndGlobalSection
	GlobalSection(ExtensibilityGlobals) = postSolution
		SolutionGuid = {D96EC01E-C535-4B34-B713-581E49A4DA13}
	EndGlobalSection
EndGlobal
